
Microsoft Visual Studio Solution File, Format Version 12.00
# Visual Studio Version 16
VisualStudioVersion = 16.0.31313.79
MinimumVisualStudioVersion = 10.0.40219.1
Project("{9A19103F-16F7-4668-BE54-9A1E7A4F7556}") = "JustToDoIt", "JustToDoIt\JustToDoIt.csproj", "{BAC92DAC-5031-4421-8E4A-07BF8F895F2B}"
EndProject
Project("{FAE04EC0-301F-11D3-BF4B-00C04F79EFBC}") = "JustToDoIt.EntityFramework", "JustToDoIt.EntityFramework\JustToDoIt.EntityFramework.csproj", "{93931432-5D0F-4E27-9D82-9BDAB7917CFD}"
EndProject
Global
	GlobalSection(SolutionConfigurationPlatforms) = preSolution
		Debug|Any CPU = Debug|Any CPU
		Release|Any CPU = Release|Any CPU
	EndGlobalSection
	GlobalSection(ProjectConfigurationPlatforms) = postSolution
		{BAC92DAC-5031-4421-8E4A-07BF8F895F2B}.Debug|Any CPU.ActiveCfg = Debug|Any CPU
		{BAC92DAC-5031-4421-8E4A-07BF8F895F2B}.Debug|Any CPU.Build.0 = Debug|Any CPU
		{BAC92DAC-5031-4421-8E4A-07BF8F895F2B}.Release|Any CPU.ActiveCfg = Release|Any CPU
		{BAC92DAC-5031-4421-8E4A-07BF8F895F2B}.Release|Any CPU.Build.0 = Release|Any CPU
		{93931432-5D0F-4E27-9D82-9BDAB7917CFD}.Debug|Any CPU.ActiveCfg = Debug|Any CPU
		{93931432-5D0F-4E27-9D82-9BDAB7917CFD}.Debug|Any CPU.Build.0 = Debug|Any CPU
		{93931432-5D0F-4E27-9D82-9BDAB7917CFD}.Release|Any CPU.ActiveCfg = Release|Any CPU
		{93931432-5D0F-4E27-9D82-9BDAB7917CFD}.Release|Any CPU.Build.0 = Release|Any CPU
	EndGlobalSection
	GlobalSection(SolutionProperties) = preSolution
		HideSolutionNode = FALSE
	EndGlobalSection
	GlobalSection(ExtensibilityGlobals) = postSolution
		SolutionGuid = {E221DAE8-2CD8-44D6-83DE-6758FBBC94E5}
	EndGlobalSection
EndGlobal
